
Microsoft Visual Studio Solution File, Format Version 12.00
# Visual Studio Version 17
VisualStudioVersion = 17.3.32922.545
MinimumVisualStudioVersion = 10.0.40219.1
Project("{FAE04EC0-301F-11D3-BF4B-00C04F79EFBC}") = "BunkerServer", "BunkerServer\BunkerServer.csproj", "{89B96121-8A5A-4C0B-A7E2-F454C954A751}"
EndProject
Project("{FAE04EC0-301F-11D3-BF4B-00C04F79EFBC}") = "Domain", "Domain\Domain.csproj", "{3BC4C123-7DFB-4B3B-8CCA-370945D254EE}"
EndProject
Project("{FAE04EC0-301F-11D3-BF4B-00C04F79EFBC}") = "Infrastructure", "Infrastructure\Infrastructure.csproj", "{375F8BA5-5343-446F-92CD-9CA4036C4BCA}"
EndProject
Global
	GlobalSection(SolutionConfigurationPlatforms) = preSolution
		Debug|Any CPU = Debug|Any CPU
		Release|Any CPU = Release|Any CPU
	EndGlobalSection
	GlobalSection(ProjectConfigurationPlatforms) = postSolution
		{89B96121-8A5A-4C0B-A7E2-F454C954A751}.Debug|Any CPU.ActiveCfg = Debug|Any CPU
		{89B96121-8A5A-4C0B-A7E2-F454C954A751}.Debug|Any CPU.Build.0 = Debug|Any CPU
		{89B96121-8A5A-4C0B-A7E2-F454C954A751}.Release|Any CPU.ActiveCfg = Release|Any CPU
		{89B96121-8A5A-4C0B-A7E2-F454C954A751}.Release|Any CPU.Build.0 = Release|Any CPU
		{3BC4C123-7DFB-4B3B-8CCA-370945D254EE}.Debug|Any CPU.ActiveCfg = Debug|Any CPU
		{3BC4C123-7DFB-4B3B-8CCA-370945D254EE}.Debug|Any CPU.Build.0 = Debug|Any CPU
		{3BC4C123-7DFB-4B3B-8CCA-370945D254EE}.Release|Any CPU.ActiveCfg = Release|Any CPU
		{3BC4C123-7DFB-4B3B-8CCA-370945D254EE}.Release|Any CPU.Build.0 = Release|Any CPU
		{375F8BA5-5343-446F-92CD-9CA4036C4BCA}.Debug|Any CPU.ActiveCfg = Debug|Any CPU
		{375F8BA5-5343-446F-92CD-9CA4036C4BCA}.Debug|Any CPU.Build.0 = Debug|Any CPU
		{375F8BA5-5343-446F-92CD-9CA4036C4BCA}.Release|Any CPU.ActiveCfg = Release|Any CPU
		{375F8BA5-5343-446F-92CD-9CA4036C4BCA}.Release|Any CPU.Build.0 = Release|Any CPU
	EndGlobalSection
	GlobalSection(SolutionProperties) = preSolution
		HideSolutionNode = FALSE
	EndGlobalSection
	GlobalSection(ExtensibilityGlobals) = postSolution
		SolutionGuid = {71483B60-312C-4EFF-B09A-403017309502}
	EndGlobalSection
EndGlobal
